<?xml version="1.0" encoding="utf-8"?>
<Project ToolsVersion="4.0" xmlns="http://schemas.microsoft.com/developer/msbuild/2003">
  <ItemGroup>
    <Filter Include="Source Files">
      <UniqueIdentifier>{4FC737F1-C7A5-4376-A066-2A32D752A2FF}</UniqueIdentifier>
      <Extensions>cpp;c;cc;cxx;def;odl;idl;hpj;bat;asm;asmx</Extensions>
    </Filter>
    <Filter Include="Header Files">
      <UniqueIdentifier>{93995380-89BD-4b04-88EB-625FBE52EBFB}</UniqueIdentifier>
      <Extensions>h;hh;hpp;hxx;hm;inl;inc;xsd</Extensions>
    </Filter>
    <Filter Include="Resource Files">
      <UniqueIdentifier>{67DA6AB6-F800-4c08-8B7A-83BB121AAD01}</UniqueIdentifier>
      <Extensions>rc;ico;cur;bmp;dlg;rc2;rct;bin;rgs;gif;jpg;jpeg;jpe;resx;tiff;tif;png;wav;mfcribbon-ms</Extensions>
    </Filter>
  </ItemGroup>
  <ItemGroup>
    <ClInclude Include="Persona.h">
      <Filter>Header Files</Filter>
    </ClInclude>
    <ClInclude Include="Avion.h">
      <Filter>Header Files</Filter>
    </ClInclude>
    <ClInclude Include="Interfaz.h">
      <Filter>Header Files</Filter>
    </ClInclude>
    <ClInclude Include="Control.h">
      <Filter>Header Files</Filter>
    </ClInclude>
    <ClInclude Include="RutasGestion.h">
      <Filter>Header Files</Filter>
    </ClInclude>
    <ClInclude Include="Rutas.h">
      <Filter>Header Files</Filter>
    </ClInclude>
    <ClInclude Include="FlotaGestion.h">
      <Filter>Header Files</Filter>
    </ClInclude>
    <ClInclude Include="Vuelos.h">
      <Filter>Header Files</Filter>
    </ClInclude>
    <ClInclude Include="VuelosGestion.h">
      <Filter>Header Files</Filter>
    </ClInclude>
  </ItemGroup>
  <ItemGroup>
    <ClCompile Include="Persona.cpp">
      <Filter>Source Files</Filter>
    </ClCompile>
    <ClCompile Include="Avion.cpp">
      <Filter>Source Files</Filter>
    </ClCompile>
    <ClCompile Include="main.cpp">
      <Filter>Source Files</Filter>
    </ClCompile>
    <ClCompile Include="Interfaz.cpp">
      <Filter>Source Files</Filter>
    </ClCompile>
    <ClCompile Include="Control.cpp">
      <Filter>Source Files</Filter>
    </ClCompile>
    <ClCompile Include="RutasGestion.cpp">
      <Filter>Source Files</Filter>
    </ClCompile>
    <ClCompile Include="Rutas.cpp">
      <Filter>Source Files</Filter>
    </ClCompile>
    <ClCompile Include="FlotaGestion.cpp">
      <Filter>Source Files</Filter>
    </ClCompile>
    <ClCompile Include="Vuelos.cpp">
      <Filter>Source Files</Filter>
    </ClCompile>
    <ClCompile Include="VuelosGestion.cpp">
      <Filter>Source Files</Filter>
    </ClCompile>
  </ItemGroup>
</Project>